
Microsoft Visual Studio Solution File, Format Version 12.00
# Visual Studio Version 17
VisualStudioVersion = 17.0.31903.59
MinimumVisualStudioVersion = 10.0.40219.1
Project("{2150E333-8FDC-42A3-9474-1A3956D46DE8}") = "src", "src", "{827E0CD3-B72D-47B6-A68D-7590B98EB39B}"
EndProject
Project("{FAE04EC0-301F-11D3-BF4B-00C04F79EFBC}") = "Mockifyr.Facade.Library", "src\Mockifyr.Facade.Library\Mockifyr.Facade.Library.csproj", "{CB8D58D7-49BA-41C6-A193-3E4114B3ED3E}"
EndProject
Project("{FAE04EC0-301F-11D3-BF4B-00C04F79EFBC}") = "Mockifyr.Core", "src\Mockifyr.Core\Mockifyr.Core.csproj", "{465F7D12-E9B7-4A40-85D0-380CAC820893}"
EndProject
Project("{FAE04EC0-301F-11D3-BF4B-00C04F79EFBC}") = "Mockifyr.ServeEvents.Webhook", "src\Mockifyr.ServeEvents.Webhook\Mockifyr.ServeEvents.Webhook.csproj", "{00DE850D-7720-4867-AB35-8697E1E5E1F6}"
EndProject
Project("{FAE04EC0-301F-11D3-BF4B-00C04F79EFBC}") = "Mockifyr.Templating", "src\Mockifyr.Templating\Mockifyr.Templating.csproj", "{771775E6-4E0D-4CE4-A934-D862C30A6B87}"
EndProject
Project("{FAE04EC0-301F-11D3-BF4B-00C04F79EFBC}") = "Mockifyr.Stores.InMemory", "src\Mockifyr.Stores.InMemory\Mockifyr.Stores.InMemory.csproj", "{EF5FE9F2-073D-4DDE-8C35-B051D478C21B}"
EndProject
Project("{FAE04EC0-301F-11D3-BF4B-00C04F79EFBC}") = "Mockifyr.Application", "src\Mockifyr.Application\Mockifyr.Application.csproj", "{AF2FE00E-6DF2-42E5-AD64-FED69E114C10}"
EndProject
Project("{FAE04EC0-301F-11D3-BF4B-00C04F79EFBC}") = "Mockifyr.Server", "src\Mockifyr.Server\Mockifyr.Server.csproj", "{037DB1C7-6BF4-4825-ACB3-22B1701A66A5}"
EndProject
Project("{FAE04EC0-301F-11D3-BF4B-00C04F79EFBC}") = "Mockifyr.Facade.Http", "src\Mockifyr.Facade.Http\Mockifyr.Facade.Http.csproj", "{F5E1559B-AFFF-4326-BF03-4F01BFBE47F1}"
EndProject
Project("{FAE04EC0-301F-11D3-BF4B-00C04F79EFBC}") = "Mockifyr.Facade.Admin", "src\Mockifyr.Facade.Admin\Mockifyr.Facade.Admin.csproj", "{381B01BE-D75E-4FDA-9992-169594911C53}"
EndProject
Project("{FAE04EC0-301F-11D3-BF4B-00C04F79EFBC}") = "Mockifyr.Matching", "src\Mockifyr.Matching\Mockifyr.Matching.csproj", "{D2AC8253-3CA9-4BCF-AE4C-9584926CCBD3}"
EndProject
Project("{FAE04EC0-301F-11D3-BF4B-00C04F79EFBC}") = "Mockifyr.Adapters.MappingJson", "src\Mockifyr.Adapters.MappingJson\Mockifyr.Adapters.MappingJson.csproj", "{67289751-375B-4FD3-9DE2-94293A8E58BB}"
EndProject
Project("{2150E333-8FDC-42A3-9474-1A3956D46DE8}") = "harness", "harness", "{706E44A9-21F7-2226-6BCD-972688B74E7B}"
EndProject
Project("{FAE04EC0-301F-11D3-BF4B-00C04F79EFBC}") = "Mockifyr.Differential.Generator", "harness\Mockifyr.Differential.Generator\Mockifyr.Differential.Generator.csproj", "{C6A6B2FE-79B2-4283-B20B-35AD4C3ABBF4}"
EndProject
Project("{FAE04EC0-301F-11D3-BF4B-00C04F79EFBC}") = "Mockifyr.Differential.Harness", "harness\Mockifyr.Differential.Harness\Mockifyr.Differential.Harness.csproj", "{52297E54-6AB5-4CFD-A859-3506C3A8337C}"
EndProject
Project("{2150E333-8FDC-42A3-9474-1A3956D46DE8}") = "tests", "tests", "{0AB3BF05-4346-4AA6-1389-037BE0695223}"
EndProject
Project("{FAE04EC0-301F-11D3-BF4B-00C04F79EFBC}") = "Mockifyr.Core.Tests", "tests\Mockifyr.Core.Tests\Mockifyr.Core.Tests.csproj", "{D0D53C6F-02DB-40B5-ACF0-971385A62DA9}"
EndProject
Project("{FAE04EC0-301F-11D3-BF4B-00C04F79EFBC}") = "Mockifyr.Differential.Tests", "tests\Mockifyr.Differential.Tests\Mockifyr.Differential.Tests.csproj", "{6D5FB634-133E-4952-8784-4E251E2DF9F8}"
EndProject
Project("{FAE04EC0-301F-11D3-BF4B-00C04F79EFBC}") = "Mockifyr.Matching.Tests", "tests\Mockifyr.Matching.Tests\Mockifyr.Matching.Tests.csproj", "{0C9DE357-B99C-4931-A8AE-3907C0714E5A}"
EndProject
Project("{FAE04EC0-301F-11D3-BF4B-00C04F79EFBC}") = "Mockifyr.Application.Tests", "tests\Mockifyr.Application.Tests\Mockifyr.Application.Tests.csproj", "{4D85B49F-E7E2-4903-863A-F238B70FF955}"
EndProject
Project("{FAE04EC0-301F-11D3-BF4B-00C04F79EFBC}") = "Mockifyr.Outbound", "src\Mockifyr.Outbound\Mockifyr.Outbound.csproj", "{6806ECA0-976A-4FA9-8746-E865D97C341B}"
EndProject
Project("{FAE04EC0-301F-11D3-BF4B-00C04F79EFBC}") = "Mockifyr.Facade.Grpc", "src\Mockifyr.Facade.Grpc\Mockifyr.Facade.Grpc.csproj", "{D5ECC0C7-31AD-431F-9B58-CFA176946914}"
EndProject
Project("{FAE04EC0-301F-11D3-BF4B-00C04F79EFBC}") = "Mockifyr.Facade.WebSocket", "src\Mockifyr.Facade.WebSocket\Mockifyr.Facade.WebSocket.csproj", "{0E157F3F-42ED-49E9-829D-7291CCA07E1E}"
EndProject
Project("{FAE04EC0-301F-11D3-BF4B-00C04F79EFBC}") = "Mockifyr.Facade.Smtp", "src\Mockifyr.Facade.Smtp\Mockifyr.Facade.Smtp.csproj", "{1C63AAF0-BF8A-46DF-AC2A-AA44B7E310D1}"
EndProject
Global
	GlobalSection(SolutionConfigurationPlatforms) = preSolution
		Debug|Any CPU = Debug|Any CPU
		Debug|x64 = Debug|x64
		Debug|x86 = Debug|x86
		Release|Any CPU = Release|Any CPU
		Release|x64 = Release|x64
		Release|x86 = Release|x86
	EndGlobalSection
	GlobalSection(ProjectConfigurationPlatforms) = postSolution
		{CB8D58D7-49BA-41C6-A193-3E4114B3ED3E}.Debug|Any CPU.ActiveCfg = Debug|Any CPU
		{CB8D58D7-49BA-41C6-A193-3E4114B3ED3E}.Debug|Any CPU.Build.0 = Debug|Any CPU
		{CB8D58D7-49BA-41C6-A193-3E4114B3ED3E}.Debug|x64.ActiveCfg = Debug|Any CPU
		{CB8D58D7-49BA-41C6-A193-3E4114B3ED3E}.Debug|x64.Build.0 = Debug|Any CPU
		{CB8D58D7-49BA-41C6-A193-3E4114B3ED3E}.Debug|x86.ActiveCfg = Debug|Any CPU
		{CB8D58D7-49BA-41C6-A193-3E4114B3ED3E}.Debug|x86.Build.0 = Debug|Any CPU
		{CB8D58D7-49BA-41C6-A193-3E4114B3ED3E}.Release|Any CPU.ActiveCfg = Release|Any CPU
		{CB8D58D7-49BA-41C6-A193-3E4114B3ED3E}.Release|Any CPU.Build.0 = Release|Any CPU
		{CB8D58D7-49BA-41C6-A193-3E4114B3ED3E}.Release|x64.ActiveCfg = Release|Any CPU
		{CB8D58D7-49BA-41C6-A193-3E4114B3ED3E}.Release|x64.Build.0 = Release|Any CPU
		{CB8D58D7-49BA-41C6-A193-3E4114B3ED3E}.Release|x86.ActiveCfg = Release|Any CPU
		{CB8D58D7-49BA-41C6-A193-3E4114B3ED3E}.Release|x86.Build.0 = Release|Any CPU
		{465F7D12-E9B7-4A40-85D0-380CAC820893}.Debug|Any CPU.ActiveCfg = Debug|Any CPU
		{465F7D12-E9B7-4A40-85D0-380CAC820893}.Debug|Any CPU.Build.0 = Debug|Any CPU
		{465F7D12-E9B7-4A40-85D0-380CAC820893}.Debug|x64.ActiveCfg = Debug|Any CPU
		{465F7D12-E9B7-4A40-85D0-380CAC820893}.Debug|x64.Build.0 = Debug|Any CPU
		{465F7D12-E9B7-4A40-85D0-380CAC820893}.Debug|x86.ActiveCfg = Debug|Any CPU
		{465F7D12-E9B7-4A40-85D0-380CAC820893}.Debug|x86.Build.0 = Debug|Any CPU
		{465F7D12-E9B7-4A40-85D0-380CAC820893}.Release|Any CPU.ActiveCfg = Release|Any CPU
		{465F7D12-E9B7-4A40-85D0-380CAC820893}.Release|Any CPU.Build.0 = Release|Any CPU
		{465F7D12-E9B7-4A40-85D0-380CAC820893}.Release|x64.ActiveCfg = Release|Any CPU
		{465F7D12-E9B7-4A40-85D0-380CAC820893}.Release|x64.Build.0 = Release|Any CPU
		{465F7D12-E9B7-4A40-85D0-380CAC820893}.Release|x86.ActiveCfg = Release|Any CPU
		{465F7D12-E9B7-4A40-85D0-380CAC820893}.Release|x86.Build.0 = Release|Any CPU
		{00DE850D-7720-4867-AB35-8697E1E5E1F6}.Debug|Any CPU.ActiveCfg = Debug|Any CPU
		{00DE850D-7720-4867-AB35-8697E1E5E1F6}.Debug|Any CPU.Build.0 = Debug|Any CPU
		{00DE850D-7720-4867-AB35-8697E1E5E1F6}.Debug|x64.ActiveCfg = Debug|Any CPU
		{00DE850D-7720-4867-AB35-8697E1E5E1F6}.Debug|x64.Build.0 = Debug|Any CPU
		{00DE850D-7720-4867-AB35-8697E1E5E1F6}.Debug|x86.ActiveCfg = Debug|Any CPU
		{00DE850D-7720-4867-AB35-8697E1E5E1F6}.Debug|x86.Build.0 = Debug|Any CPU
		{00DE850D-7720-4867-AB35-8697E1E5E1F6}.Release|Any CPU.ActiveCfg = Release|Any CPU
		{00DE850D-7720-4867-AB35-8697E1E5E1F6}.Release|Any CPU.Build.0 = Release|Any CPU
		{00DE850D-7720-4867-AB35-8697E1E5E1F6}.Release|x64.ActiveCfg = Release|Any CPU
		{00DE850D-7720-4867-AB35-8697E1E5E1F6}.Release|x64.Build.0 = Release|Any CPU
		{00DE850D-7720-4867-AB35-8697E1E5E1F6}.Release|x86.ActiveCfg = Release|Any CPU
		{00DE850D-7720-4867-AB35-8697E1E5E1F6}.Release|x86.Build.0 = Release|Any CPU
		{771775E6-4E0D-4CE4-A934-D862C30A6B87}.Debug|Any CPU.ActiveCfg = Debug|Any CPU
		{771775E6-4E0D-4CE4-A934-D862C30A6B87}.Debug|Any CPU.Build.0 = Debug|Any CPU
		{771775E6-4E0D-4CE4-A934-D862C30A6B87}.Debug|x64.ActiveCfg = Debug|Any CPU
		{771775E6-4E0D-4CE4-A934-D862C30A6B87}.Debug|x64.Build.0 = Debug|Any CPU
		{771775E6-4E0D-4CE4-A934-D862C30A6B87}.Debug|x86.ActiveCfg = Debug|Any CPU
		{771775E6-4E0D-4CE4-A934-D862C30A6B87}.Debug|x86.Build.0 = Debug|Any CPU
		{771775E6-4E0D-4CE4-A934-D862C30A6B87}.Release|Any CPU.ActiveCfg = Release|Any CPU
		{771775E6-4E0D-4CE4-A934-D862C30A6B87}.Release|Any CPU.Build.0 = Release|Any CPU
		{771775E6-4E0D-4CE4-A934-D862C30A6B87}.Release|x64.ActiveCfg = Release|Any CPU
		{771775E6-4E0D-4CE4-A934-D862C30A6B87}.Release|x64.Build.0 = Release|Any CPU
		{771775E6-4E0D-4CE4-A934-D862C30A6B87}.Release|x86.ActiveCfg = Release|Any CPU
		{771775E6-4E0D-4CE4-A934-D862C30A6B87}.Release|x86.Build.0 = Release|Any CPU
		{EF5FE9F2-073D-4DDE-8C35-B051D478C21B}.Debug|Any CPU.ActiveCfg = Debug|Any CPU
		{EF5FE9F2-073D-4DDE-8C35-B051D478C21B}.Debug|Any CPU.Build.0 = Debug|Any CPU
		{EF5FE9F2-073D-4DDE-8C35-B051D478C21B}.Debug|x64.ActiveCfg = Debug|Any CPU
		{EF5FE9F2-073D-4DDE-8C35-B051D478C21B}.Debug|x64.Build.0 = Debug|Any CPU
		{EF5FE9F2-073D-4DDE-8C35-B051D478C21B}.Debug|x86.ActiveCfg = Debug|Any CPU
		{EF5FE9F2-073D-4DDE-8C35-B051D478C21B}.Debug|x86.Build.0 = Debug|Any CPU
		{EF5FE9F2-073D-4DDE-8C35-B051D478C21B}.Release|Any CPU.ActiveCfg = Release|Any CPU
		{EF5FE9F2-073D-4DDE-8C35-B051D478C21B}.Release|Any CPU.Build.0 = Release|Any CPU
		{EF5FE9F2-073D-4DDE-8C35-B051D478C21B}.Release|x64.ActiveCfg = Release|Any CPU
		{EF5FE9F2-073D-4DDE-8C35-B051D478C21B}.Release|x64.Build.0 = Release|Any CPU
		{EF5FE9F2-073D-4DDE-8C35-B051D478C21B}.Release|x86.ActiveCfg = Release|Any CPU
		{EF5FE9F2-073D-4DDE-8C35-B051D478C21B}.Release|x86.Build.0 = Release|Any CPU
		{AF2FE00E-6DF2-42E5-AD64-FED69E114C10}.Debug|Any CPU.ActiveCfg = Debug|Any CPU
		{AF2FE00E-6DF2-42E5-AD64-FED69E114C10}.Debug|Any CPU.Build.0 = Debug|Any CPU
		{AF2FE00E-6DF2-42E5-AD64-FED69E114C10}.Debug|x64.ActiveCfg = Debug|Any CPU
		{AF2FE00E-6DF2-42E5-AD64-FED69E114C10}.Debug|x64.Build.0 = Debug|Any CPU
		{AF2FE00E-6DF2-42E5-AD64-FED69E114C10}.Debug|x86.ActiveCfg = Debug|Any CPU
		{AF2FE00E-6DF2-42E5-AD64-FED69E114C10}.Debug|x86.Build.0 = Debug|Any CPU
		{AF2FE00E-6DF2-42E5-AD64-FED69E114C10}.Release|Any CPU.ActiveCfg = Release|Any CPU
		{AF2FE00E-6DF2-42E5-AD64-FED69E114C10}.Release|Any CPU.Build.0 = Release|Any CPU
		{AF2FE00E-6DF2-42E5-AD64-FED69E114C10}.Release|x64.ActiveCfg = Release|Any CPU
		{AF2FE00E-6DF2-42E5-AD64-FED69E114C10}.Release|x64.Build.0 = Release|Any CPU
		{AF2FE00E-6DF2-42E5-AD64-FED69E114C10}.Release|x86.ActiveCfg = Release|Any CPU
		{AF2FE00E-6DF2-42E5-AD64-FED69E114C10}.Release|x86.Build.0 = Release|Any CPU
		{037DB1C7-6BF4-4825-ACB3-22B1701A66A5}.Debug|Any CPU.ActiveCfg = Debug|Any CPU
		{037DB1C7-6BF4-4825-ACB3-22B1701A66A5}.Debug|Any CPU.Build.0 = Debug|Any CPU
		{037DB1C7-6BF4-4825-ACB3-22B1701A66A5}.Debug|x64.ActiveCfg = Debug|Any CPU
		{037DB1C7-6BF4-4825-ACB3-22B1701A66A5}.Debug|x64.Build.0 = Debug|Any CPU
		{037DB1C7-6BF4-4825-ACB3-22B1701A66A5}.Debug|x86.ActiveCfg = Debug|Any CPU
		{037DB1C7-6BF4-4825-ACB3-22B1701A66A5}.Debug|x86.Build.0 = Debug|Any CPU
		{037DB1C7-6BF4-4825-ACB3-22B1701A66A5}.Release|Any CPU.ActiveCfg = Release|Any CPU
		{037DB1C7-6BF4-4825-ACB3-22B1701A66A5}.Release|Any CPU.Build.0 = Release|Any CPU
		{037DB1C7-6BF4-4825-ACB3-22B1701A66A5}.Release|x64.ActiveCfg = Release|Any CPU
		{037DB1C7-6BF4-4825-ACB3-22B1701A66A5}.Release|x64.Build.0 = Release|Any CPU
		{037DB1C7-6BF4-4825-ACB3-22B1701A66A5}.Release|x86.ActiveCfg = Release|Any CPU
		{037DB1C7-6BF4-4825-ACB3-22B1701A66A5}.Release|x86.Build.0 = Release|Any CPU
		{F5E1559B-AFFF-4326-BF03-4F01BFBE47F1}.Debug|Any CPU.ActiveCfg = Debug|Any CPU
		{F5E1559B-AFFF-4326-BF03-4F01BFBE47F1}.Debug|Any CPU.Build.0 = Debug|Any CPU
		{F5E1559B-AFFF-4326-BF03-4F01BFBE47F1}.Debug|x64.ActiveCfg = Debug|Any CPU
		{F5E1559B-AFFF-4326-BF03-4F01BFBE47F1}.Debug|x64.Build.0 = Debug|Any CPU
		{F5E1559B-AFFF-4326-BF03-4F01BFBE47F1}.Debug|x86.ActiveCfg = Debug|Any CPU
		{F5E1559B-AFFF-4326-BF03-4F01BFBE47F1}.Debug|x86.Build.0 = Debug|Any CPU
		{F5E1559B-AFFF-4326-BF03-4F01BFBE47F1}.Release|Any CPU.ActiveCfg = Release|Any CPU
		{F5E1559B-AFFF-4326-BF03-4F01BFBE47F1}.Release|Any CPU.Build.0 = Release|Any CPU
		{F5E1559B-AFFF-4326-BF03-4F01BFBE47F1}.Release|x64.ActiveCfg = Release|Any CPU
		{F5E1559B-AFFF-4326-BF03-4F01BFBE47F1}.Release|x64.Build.0 = Release|Any CPU
		{F5E1559B-AFFF-4326-BF03-4F01BFBE47F1}.Release|x86.ActiveCfg = Release|Any CPU
		{F5E1559B-AFFF-4326-BF03-4F01BFBE47F1}.Release|x86.Build.0 = Release|Any CPU
		{381B01BE-D75E-4FDA-9992-169594911C53}.Debug|Any CPU.ActiveCfg = Debug|Any CPU
		{381B01BE-D75E-4FDA-9992-169594911C53}.Debug|Any CPU.Build.0 = Debug|Any CPU
		{381B01BE-D75E-4FDA-9992-169594911C53}.Debug|x64.ActiveCfg = Debug|Any CPU
		{381B01BE-D75E-4FDA-9992-169594911C53}.Debug|x64.Build.0 = Debug|Any CPU
		{381B01BE-D75E-4FDA-9992-169594911C53}.Debug|x86.ActiveCfg = Debug|Any CPU
		{381B01BE-D75E-4FDA-9992-169594911C53}.Debug|x86.Build.0 = Debug|Any CPU
		{381B01BE-D75E-4FDA-9992-169594911C53}.Release|Any CPU.ActiveCfg = Release|Any CPU
		{381B01BE-D75E-4FDA-9992-169594911C53}.Release|Any CPU.Build.0 = Release|Any CPU
		{381B01BE-D75E-4FDA-9992-169594911C53}.Release|x64.ActiveCfg = Release|Any CPU
		{381B01BE-D75E-4FDA-9992-169594911C53}.Release|x64.Build.0 = Release|Any CPU
		{381B01BE-D75E-4FDA-9992-169594911C53}.Release|x86.ActiveCfg = Release|Any CPU
		{381B01BE-D75E-4FDA-9992-169594911C53}.Release|x86.Build.0 = Release|Any CPU
		{D2AC8253-3CA9-4BCF-AE4C-9584926CCBD3}.Debug|Any CPU.ActiveCfg = Debug|Any CPU
		{D2AC8253-3CA9-4BCF-AE4C-9584926CCBD3}.Debug|Any CPU.Build.0 = Debug|Any CPU
		{D2AC8253-3CA9-4BCF-AE4C-9584926CCBD3}.Debug|x64.ActiveCfg = Debug|Any CPU
		{D2AC8253-3CA9-4BCF-AE4C-9584926CCBD3}.Debug|x64.Build.0 = Debug|Any CPU
		{D2AC8253-3CA9-4BCF-AE4C-9584926CCBD3}.Debug|x86.ActiveCfg = Debug|Any CPU
		{D2AC8253-3CA9-4BCF-AE4C-9584926CCBD3}.Debug|x86.Build.0 = Debug|Any CPU
		{D2AC8253-3CA9-4BCF-AE4C-9584926CCBD3}.Release|Any CPU.ActiveCfg = Release|Any CPU
		{D2AC8253-3CA9-4BCF-AE4C-9584926CCBD3}.Release|Any CPU.Build.0 = Release|Any CPU
		{D2AC8253-3CA9-4BCF-AE4C-9584926CCBD3}.Release|x64.ActiveCfg = Release|Any CPU
		{D2AC8253-3CA9-4BCF-AE4C-9584926CCBD3}.Release|x64.Build.0 = Release|Any CPU
		{D2AC8253-3CA9-4BCF-AE4C-9584926CCBD3}.Release|x86.ActiveCfg = Release|Any CPU
		{D2AC8253-3CA9-4BCF-AE4C-9584926CCBD3}.Release|x86.Build.0 = Release|Any CPU
		{67289751-375B-4FD3-9DE2-94293A8E58BB}.Debug|Any CPU.ActiveCfg = Debug|Any CPU
		{67289751-375B-4FD3-9DE2-94293A8E58BB}.Debug|Any CPU.Build.0 = Debug|Any CPU
		{67289751-375B-4FD3-9DE2-94293A8E58BB}.Debug|x64.ActiveCfg = Debug|Any CPU
		{67289751-375B-4FD3-9DE2-94293A8E58BB}.Debug|x64.Build.0 = Debug|Any CPU
		{67289751-375B-4FD3-9DE2-94293A8E58BB}.Debug|x86.ActiveCfg = Debug|Any CPU
		{67289751-375B-4FD3-9DE2-94293A8E58BB}.Debug|x86.Build.0 = Debug|Any CPU
		{67289751-375B-4FD3-9DE2-94293A8E58BB}.Release|Any CPU.ActiveCfg = Release|Any CPU
		{67289751-375B-4FD3-9DE2-94293A8E58BB}.Release|Any CPU.Build.0 = Release|Any CPU
		{67289751-375B-4FD3-9DE2-94293A8E58BB}.Release|x64.ActiveCfg = Release|Any CPU
		{67289751-375B-4FD3-9DE2-94293A8E58BB}.Release|x64.Build.0 = Release|Any CPU
		{67289751-375B-4FD3-9DE2-94293A8E58BB}.Release|x86.ActiveCfg = Release|Any CPU
		{67289751-375B-4FD3-9DE2-94293A8E58BB}.Release|x86.Build.0 = Release|Any CPU
		{C6A6B2FE-79B2-4283-B20B-35AD4C3ABBF4}.Debug|Any CPU.ActiveCfg = Debug|Any CPU
		{C6A6B2FE-79B2-4283-B20B-35AD4C3ABBF4}.Debug|Any CPU.Build.0 = Debug|Any CPU
		{C6A6B2FE-79B2-4283-B20B-35AD4C3ABBF4}.Debug|x64.ActiveCfg = Debug|Any CPU
		{C6A6B2FE-79B2-4283-B20B-35AD4C3ABBF4}.Debug|x64.Build.0 = Debug|Any CPU
		{C6A6B2FE-79B2-4283-B20B-35AD4C3ABBF4}.Debug|x86.ActiveCfg = Debug|Any CPU
		{C6A6B2FE-79B2-4283-B20B-35AD4C3ABBF4}.Debug|x86.Build.0 = Debug|Any CPU
		{C6A6B2FE-79B2-4283-B20B-35AD4C3ABBF4}.Release|Any CPU.ActiveCfg = Release|Any CPU
		{C6A6B2FE-79B2-4283-B20B-35AD4C3ABBF4}.Release|Any CPU.Build.0 = Release|Any CPU
		{C6A6B2FE-79B2-4283-B20B-35AD4C3ABBF4}.Release|x64.ActiveCfg = Release|Any CPU
		{C6A6B2FE-79B2-4283-B20B-35AD4C3ABBF4}.Release|x64.Build.0 = Release|Any CPU
		{C6A6B2FE-79B2-4283-B20B-35AD4C3ABBF4}.Release|x86.ActiveCfg = Release|Any CPU
		{C6A6B2FE-79B2-4283-B20B-35AD4C3ABBF4}.Release|x86.Build.0 = Release|Any CPU
		{52297E54-6AB5-4CFD-A859-3506C3A8337C}.Debug|Any CPU.ActiveCfg = Debug|Any CPU
		{52297E54-6AB5-4CFD-A859-3506C3A8337C}.Debug|Any CPU.Build.0 = Debug|Any CPU
		{52297E54-6AB5-4CFD-A859-3506C3A8337C}.Debug|x64.ActiveCfg = Debug|Any CPU
		{52297E54-6AB5-4CFD-A859-3506C3A8337C}.Debug|x64.Build.0 = Debug|Any CPU
		{52297E54-6AB5-4CFD-A859-3506C3A8337C}.Debug|x86.ActiveCfg = Debug|Any CPU
		{52297E54-6AB5-4CFD-A859-3506C3A8337C}.Debug|x86.Build.0 = Debug|Any CPU
		{52297E54-6AB5-4CFD-A859-3506C3A8337C}.Release|Any CPU.ActiveCfg = Release|Any CPU
		{52297E54-6AB5-4CFD-A859-3506C3A8337C}.Release|Any CPU.Build.0 = Release|Any CPU
		{52297E54-6AB5-4CFD-A859-3506C3A8337C}.Release|x64.ActiveCfg = Release|Any CPU
		{52297E54-6AB5-4CFD-A859-3506C3A8337C}.Release|x64.Build.0 = Release|Any CPU
		{52297E54-6AB5-4CFD-A859-3506C3A8337C}.Release|x86.ActiveCfg = Release|Any CPU
		{52297E54-6AB5-4CFD-A859-3506C3A8337C}.Release|x86.Build.0 = Release|Any CPU
		{D0D53C6F-02DB-40B5-ACF0-971385A62DA9}.Debug|Any CPU.ActiveCfg = Debug|Any CPU
		{D0D53C6F-02DB-40B5-ACF0-971385A62DA9}.Debug|Any CPU.Build.0 = Debug|Any CPU
		{D0D53C6F-02DB-40B5-ACF0-971385A62DA9}.Debug|x64.ActiveCfg = Debug|Any CPU
		{D0D53C6F-02DB-40B5-ACF0-971385A62DA9}.Debug|x64.Build.0 = Debug|Any CPU
		{D0D53C6F-02DB-40B5-ACF0-971385A62DA9}.Debug|x86.ActiveCfg = Debug|Any CPU
		{D0D53C6F-02DB-40B5-ACF0-971385A62DA9}.Debug|x86.Build.0 = Debug|Any CPU
		{D0D53C6F-02DB-40B5-ACF0-971385A62DA9}.Release|Any CPU.ActiveCfg = Release|Any CPU
		{D0D53C6F-02DB-40B5-ACF0-971385A62DA9}.Release|Any CPU.Build.0 = Release|Any CPU
		{D0D53C6F-02DB-40B5-ACF0-971385A62DA9}.Release|x64.ActiveCfg = Release|Any CPU
		{D0D53C6F-02DB-40B5-ACF0-971385A62DA9}.Release|x64.Build.0 = Release|Any CPU
		{D0D53C6F-02DB-40B5-ACF0-971385A62DA9}.Release|x86.ActiveCfg = Release|Any CPU
		{D0D53C6F-02DB-40B5-ACF0-971385A62DA9}.Release|x86.Build.0 = Release|Any CPU
		{6D5FB634-133E-4952-8784-4E251E2DF9F8}.Debug|Any CPU.ActiveCfg = Debug|Any CPU
		{6D5FB634-133E-4952-8784-4E251E2DF9F8}.Debug|Any CPU.Build.0 = Debug|Any CPU
		{6D5FB634-133E-4952-8784-4E251E2DF9F8}.Debug|x64.ActiveCfg = Debug|Any CPU
		{6D5FB634-133E-4952-8784-4E251E2DF9F8}.Debug|x64.Build.0 = Debug|Any CPU
		{6D5FB634-133E-4952-8784-4E251E2DF9F8}.Debug|x86.ActiveCfg = Debug|Any CPU
		{6D5FB634-133E-4952-8784-4E251E2DF9F8}.Debug|x86.Build.0 = Debug|Any CPU
		{6D5FB634-133E-4952-8784-4E251E2DF9F8}.Release|Any CPU.ActiveCfg = Release|Any CPU
		{6D5FB634-133E-4952-8784-4E251E2DF9F8}.Release|Any CPU.Build.0 = Release|Any CPU
		{6D5FB634-133E-4952-8784-4E251E2DF9F8}.Release|x64.ActiveCfg = Release|Any CPU
		{6D5FB634-133E-4952-8784-4E251E2DF9F8}.Release|x64.Build.0 = Release|Any CPU
		{6D5FB634-133E-4952-8784-4E251E2DF9F8}.Release|x86.ActiveCfg = Release|Any CPU
		{6D5FB634-133E-4952-8784-4E251E2DF9F8}.Release|x86.Build.0 = Release|Any CPU
		{0C9DE357-B99C-4931-A8AE-3907C0714E5A}.Debug|Any CPU.ActiveCfg = Debug|Any CPU
		{0C9DE357-B99C-4931-A8AE-3907C0714E5A}.Debug|Any CPU.Build.0 = Debug|Any CPU
		{0C9DE357-B99C-4931-A8AE-3907C0714E5A}.Debug|x64.ActiveCfg = Debug|Any CPU
		{0C9DE357-B99C-4931-A8AE-3907C0714E5A}.Debug|x64.Build.0 = Debug|Any CPU
		{0C9DE357-B99C-4931-A8AE-3907C0714E5A}.Debug|x86.ActiveCfg = Debug|Any CPU
		{0C9DE357-B99C-4931-A8AE-3907C0714E5A}.Debug|x86.Build.0 = Debug|Any CPU
		{0C9DE357-B99C-4931-A8AE-3907C0714E5A}.Release|Any CPU.ActiveCfg = Release|Any CPU
		{0C9DE357-B99C-4931-A8AE-3907C0714E5A}.Release|Any CPU.Build.0 = Release|Any CPU
		{0C9DE357-B99C-4931-A8AE-3907C0714E5A}.Release|x64.ActiveCfg = Release|Any CPU
		{0C9DE357-B99C-4931-A8AE-3907C0714E5A}.Release|x64.Build.0 = Release|Any CPU
		{0C9DE357-B99C-4931-A8AE-3907C0714E5A}.Release|x86.ActiveCfg = Release|Any CPU
		{0C9DE357-B99C-4931-A8AE-3907C0714E5A}.Release|x86.Build.0 = Release|Any CPU
		{4D85B49F-E7E2-4903-863A-F238B70FF955}.Debug|Any CPU.ActiveCfg = Debug|Any CPU
		{4D85B49F-E7E2-4903-863A-F238B70FF955}.Debug|Any CPU.Build.0 = Debug|Any CPU
		{4D85B49F-E7E2-4903-863A-F238B70FF955}.Debug|x64.ActiveCfg = Debug|Any CPU
		{4D85B49F-E7E2-4903-863A-F238B70FF955}.Debug|x64.Build.0 = Debug|Any CPU
		{4D85B49F-E7E2-4903-863A-F238B70FF955}.Debug|x86.ActiveCfg = Debug|Any CPU
		{4D85B49F-E7E2-4903-863A-F238B70FF955}.Debug|x86.Build.0 = Debug|Any CPU
		{4D85B49F-E7E2-4903-863A-F238B70FF955}.Release|Any CPU.ActiveCfg = Release|Any CPU
		{4D85B49F-E7E2-4903-863A-F238B70FF955}.Release|Any CPU.Build.0 = Release|Any CPU
		{4D85B49F-E7E2-4903-863A-F238B70FF955}.Release|x64.ActiveCfg = Release|Any CPU
		{4D85B49F-E7E2-4903-863A-F238B70FF955}.Release|x64.Build.0 = Release|Any CPU
		{4D85B49F-E7E2-4903-863A-F238B70FF955}.Release|x86.ActiveCfg = Release|Any CPU
		{4D85B49F-E7E2-4903-863A-F238B70FF955}.Release|x86.Build.0 = Release|Any CPU
		{6806ECA0-976A-4FA9-8746-E865D97C341B}.Debug|Any CPU.ActiveCfg = Debug|Any CPU
		{6806ECA0-976A-4FA9-8746-E865D97C341B}.Debug|Any CPU.Build.0 = Debug|Any CPU
		{6806ECA0-976A-4FA9-8746-E865D97C341B}.Debug|x64.ActiveCfg = Debug|Any CPU
		{6806ECA0-976A-4FA9-8746-E865D97C341B}.Debug|x64.Build.0 = Debug|Any CPU
		{6806ECA0-976A-4FA9-8746-E865D97C341B}.Debug|x86.ActiveCfg = Debug|Any CPU
		{6806ECA0-976A-4FA9-8746-E865D97C341B}.Debug|x86.Build.0 = Debug|Any CPU
		{6806ECA0-976A-4FA9-8746-E865D97C341B}.Release|Any CPU.ActiveCfg = Release|Any CPU
		{6806ECA0-976A-4FA9-8746-E865D97C341B}.Release|Any CPU.Build.0 = Release|Any CPU
		{6806ECA0-976A-4FA9-8746-E865D97C341B}.Release|x64.ActiveCfg = Release|Any CPU
		{6806ECA0-976A-4FA9-8746-E865D97C341B}.Release|x64.Build.0 = Release|Any CPU
		{6806ECA0-976A-4FA9-8746-E865D97C341B}.Release|x86.ActiveCfg = Release|Any CPU
		{6806ECA0-976A-4FA9-8746-E865D97C341B}.Release|x86.Build.0 = Release|Any CPU
		{D5ECC0C7-31AD-431F-9B58-CFA176946914}.Debug|Any CPU.ActiveCfg = Debug|Any CPU
		{D5ECC0C7-31AD-431F-9B58-CFA176946914}.Debug|Any CPU.Build.0 = Debug|Any CPU
		{D5ECC0C7-31AD-431F-9B58-CFA176946914}.Debug|x64.ActiveCfg = Debug|Any CPU
		{D5ECC0C7-31AD-431F-9B58-CFA176946914}.Debug|x64.Build.0 = Debug|Any CPU
		{D5ECC0C7-31AD-431F-9B58-CFA176946914}.Debug|x86.ActiveCfg = Debug|Any CPU
		{D5ECC0C7-31AD-431F-9B58-CFA176946914}.Debug|x86.Build.0 = Debug|Any CPU
		{D5ECC0C7-31AD-431F-9B58-CFA176946914}.Release|Any CPU.ActiveCfg = Release|Any CPU
		{D5ECC0C7-31AD-431F-9B58-CFA176946914}.Release|Any CPU.Build.0 = Release|Any CPU
		{D5ECC0C7-31AD-431F-9B58-CFA176946914}.Release|x64.ActiveCfg = Release|Any CPU
		{D5ECC0C7-31AD-431F-9B58-CFA176946914}.Release|x64.Build.0 = Release|Any CPU
		{D5ECC0C7-31AD-431F-9B58-CFA176946914}.Release|x86.ActiveCfg = Release|Any CPU
		{D5ECC0C7-31AD-431F-9B58-CFA176946914}.Release|x86.Build.0 = Release|Any CPU
		{0E157F3F-42ED-49E9-829D-7291CCA07E1E}.Debug|Any CPU.ActiveCfg = Debug|Any CPU
		{0E157F3F-42ED-49E9-829D-7291CCA07E1E}.Debug|Any CPU.Build.0 = Debug|Any CPU
		{0E157F3F-42ED-49E9-829D-7291CCA07E1E}.Debug|x64.ActiveCfg = Debug|Any CPU
		{0E157F3F-42ED-49E9-829D-7291CCA07E1E}.Debug|x64.Build.0 = Debug|Any CPU
		{0E157F3F-42ED-49E9-829D-7291CCA07E1E}.Debug|x86.ActiveCfg = Debug|Any CPU
		{0E157F3F-42ED-49E9-829D-7291CCA07E1E}.Debug|x86.Build.0 = Debug|Any CPU
		{0E157F3F-42ED-49E9-829D-7291CCA07E1E}.Release|Any CPU.ActiveCfg = Release|Any CPU
		{0E157F3F-42ED-49E9-829D-7291CCA07E1E}.Release|Any CPU.Build.0 = Release|Any CPU
		{0E157F3F-42ED-49E9-829D-7291CCA07E1E}.Release|x64.ActiveCfg = Release|Any CPU
		{0E157F3F-42ED-49E9-829D-7291CCA07E1E}.Release|x64.Build.0 = Release|Any CPU
		{0E157F3F-42ED-49E9-829D-7291CCA07E1E}.Release|x86.ActiveCfg = Release|Any CPU
		{0E157F3F-42ED-49E9-829D-7291CCA07E1E}.Release|x86.Build.0 = Release|Any CPU
		{1C63AAF0-BF8A-46DF-AC2A-AA44B7E310D1}.Debug|Any CPU.ActiveCfg = Debug|Any CPU
		{1C63AAF0-BF8A-46DF-AC2A-AA44B7E310D1}.Debug|Any CPU.Build.0 = Debug|Any CPU
		{1C63AAF0-BF8A-46DF-AC2A-AA44B7E310D1}.Debug|x64.ActiveCfg = Debug|Any CPU
		{1C63AAF0-BF8A-46DF-AC2A-AA44B7E310D1}.Debug|x64.Build.0 = Debug|Any CPU
		{1C63AAF0-BF8A-46DF-AC2A-AA44B7E310D1}.Debug|x86.ActiveCfg = Debug|Any CPU
		{1C63AAF0-BF8A-46DF-AC2A-AA44B7E310D1}.Debug|x86.Build.0 = Debug|Any CPU
		{1C63AAF0-BF8A-46DF-AC2A-AA44B7E310D1}.Release|Any CPU.ActiveCfg = Release|Any CPU
		{1C63AAF0-BF8A-46DF-AC2A-AA44B7E310D1}.Release|Any CPU.Build.0 = Release|Any CPU
		{1C63AAF0-BF8A-46DF-AC2A-AA44B7E310D1}.Release|x64.ActiveCfg = Release|Any CPU
		{1C63AAF0-BF8A-46DF-AC2A-AA44B7E310D1}.Release|x64.Build.0 = Release|Any CPU
		{1C63AAF0-BF8A-46DF-AC2A-AA44B7E310D1}.Release|x86.ActiveCfg = Release|Any CPU
		{1C63AAF0-BF8A-46DF-AC2A-AA44B7E310D1}.Release|x86.Build.0 = Release|Any CPU
	EndGlobalSection
	GlobalSection(SolutionProperties) = preSolution
		HideSolutionNode = FALSE
	EndGlobalSection
	GlobalSection(NestedProjects) = preSolution
		{CB8D58D7-49BA-41C6-A193-3E4114B3ED3E} = {827E0CD3-B72D-47B6-A68D-7590B98EB39B}
		{465F7D12-E9B7-4A40-85D0-380CAC820893} = {827E0CD3-B72D-47B6-A68D-7590B98EB39B}
		{00DE850D-7720-4867-AB35-8697E1E5E1F6} = {827E0CD3-B72D-47B6-A68D-7590B98EB39B}
		{771775E6-4E0D-4CE4-A934-D862C30A6B87} = {827E0CD3-B72D-47B6-A68D-7590B98EB39B}
		{EF5FE9F2-073D-4DDE-8C35-B051D478C21B} = {827E0CD3-B72D-47B6-A68D-7590B98EB39B}
		{AF2FE00E-6DF2-42E5-AD64-FED69E114C10} = {827E0CD3-B72D-47B6-A68D-7590B98EB39B}
		{037DB1C7-6BF4-4825-ACB3-22B1701A66A5} = {827E0CD3-B72D-47B6-A68D-7590B98EB39B}
		{F5E1559B-AFFF-4326-BF03-4F01BFBE47F1} = {827E0CD3-B72D-47B6-A68D-7590B98EB39B}
		{381B01BE-D75E-4FDA-9992-169594911C53} = {827E0CD3-B72D-47B6-A68D-7590B98EB39B}
		{D2AC8253-3CA9-4BCF-AE4C-9584926CCBD3} = {827E0CD3-B72D-47B6-A68D-7590B98EB39B}
		{67289751-375B-4FD3-9DE2-94293A8E58BB} = {827E0CD3-B72D-47B6-A68D-7590B98EB39B}
		{C6A6B2FE-79B2-4283-B20B-35AD4C3ABBF4} = {706E44A9-21F7-2226-6BCD-972688B74E7B}
		{52297E54-6AB5-4CFD-A859-3506C3A8337C} = {706E44A9-21F7-2226-6BCD-972688B74E7B}
		{D0D53C6F-02DB-40B5-ACF0-971385A62DA9} = {0AB3BF05-4346-4AA6-1389-037BE0695223}
		{6D5FB634-133E-4952-8784-4E251E2DF9F8} = {0AB3BF05-4346-4AA6-1389-037BE0695223}
		{0C9DE357-B99C-4931-A8AE-3907C0714E5A} = {0AB3BF05-4346-4AA6-1389-037BE0695223}
		{4D85B49F-E7E2-4903-863A-F238B70FF955} = {0AB3BF05-4346-4AA6-1389-037BE0695223}
		{6806ECA0-976A-4FA9-8746-E865D97C341B} = {827E0CD3-B72D-47B6-A68D-7590B98EB39B}
		{D5ECC0C7-31AD-431F-9B58-CFA176946914} = {827E0CD3-B72D-47B6-A68D-7590B98EB39B}
		{0E157F3F-42ED-49E9-829D-7291CCA07E1E} = {827E0CD3-B72D-47B6-A68D-7590B98EB39B}
		{1C63AAF0-BF8A-46DF-AC2A-AA44B7E310D1} = {827E0CD3-B72D-47B6-A68D-7590B98EB39B}
	EndGlobalSection
EndGlobal
